
Microsoft Visual Studio Solution File, Format Version 12.00
# Visual Studio Version 17
VisualStudioVersion = 17.1.32328.378
MinimumVisualStudioVersion = 10.0.40219.1
Project("{2150E333-8FDC-42A3-9474-1A3956D46DE8}") = "FrontEnd", "FrontEnd", "{1066262B-8E7C-4A09-B281-9317C303820E}"
EndProject
Project("{FAE04EC0-301F-11D3-BF4B-00C04F79EFBC}") = "Mango.Web", "Mango.Web\Mango.Web.csproj", "{0877A0F6-C614-44A6-9DC5-BD07EBB766BE}"
EndProject
Global
	GlobalSection(SolutionConfigurationPlatforms) = preSolution
		Debug|Any CPU = Debug|Any CPU
		Release|Any CPU = Release|Any CPU
	EndGlobalSection
	GlobalSection(ProjectConfigurationPlatforms) = postSolution
		{0877A0F6-C614-44A6-9DC5-BD07EBB766BE}.Debug|Any CPU.ActiveCfg = Debug|Any CPU
		{0877A0F6-C614-44A6-9DC5-BD07EBB766BE}.Debug|Any CPU.Build.0 = Debug|Any CPU
		{0877A0F6-C614-44A6-9DC5-BD07EBB766BE}.Release|Any CPU.ActiveCfg = Release|Any CPU
		{0877A0F6-C614-44A6-9DC5-BD07EBB766BE}.Release|Any CPU.Build.0 = Release|Any CPU
	EndGlobalSection
	GlobalSection(SolutionProperties) = preSolution
		HideSolutionNode = FALSE
	EndGlobalSection
	GlobalSection(NestedProjects) = preSolution
		{0877A0F6-C614-44A6-9DC5-BD07EBB766BE} = {1066262B-8E7C-4A09-B281-9317C303820E}
	EndGlobalSection
	GlobalSection(ExtensibilityGlobals) = postSolution
		SolutionGuid = {AA3B0853-8F50-4DCD-8F6B-3C9C52D0AD92}
	EndGlobalSection
EndGlobal
