
Microsoft Visual Studio Solution File, Format Version 12.00
# Visual Studio Version 17
VisualStudioVersion = 17.1.32328.378
MinimumVisualStudioVersion = 10.0.40219.1
Project("{2150E333-8FDC-42A3-9474-1A3956D46DE8}") = "FrontEnd", "FrontEnd", "{1066262B-8E7C-4A09-B281-9317C303820E}"
EndProject
Project("{9A19103F-16F7-4668-BE54-9A1E7A4F7556}") = "Mango.Web", "Mango.Web\Mango.Web.csproj", "{0877A0F6-C614-44A6-9DC5-BD07EBB766BE}"
EndProject
Project("{2150E333-8FDC-42A3-9474-1A3956D46DE8}") = "Services", "Services", "{89517159-ECA5-42C4-925C-4A34F82ACB84}"
EndProject
Project("{9A19103F-16F7-4668-BE54-9A1E7A4F7556}") = "Mango.Services.ProductAPI", "Mango.Services.ProductAPI\Mango.Services.ProductAPI.csproj", "{75D19CFF-E64A-4A14-A5DA-F913B4E5CA0E}"
EndProject
Project("{9A19103F-16F7-4668-BE54-9A1E7A4F7556}") = "Mango.Services.Identity", "Mango.Services.Identity\Mango.Services.Identity.csproj", "{594AA18D-D83E-4D42-8313-2CFB77672777}"
EndProject
Project("{9A19103F-16F7-4668-BE54-9A1E7A4F7556}") = "Mango.Services.ShoppingCartAPI", "Mango.Services.ShoppingCartAPI\Mango.Services.ShoppingCartAPI.csproj", "{7C20787D-F032-4472-AB45-1A834A03C6DD}"
EndProject
Project("{9A19103F-16F7-4668-BE54-9A1E7A4F7556}") = "Mango.Services.CouponAPI", "Mango.Services.CouponAPI\Mango.Services.CouponAPI.csproj", "{578D5DD1-E72F-4080-95D4-CB08B8B0D1A2}"
EndProject
Project("{2150E333-8FDC-42A3-9474-1A3956D46DE8}") = "Integration", "Integration", "{3D488BFC-463E-4720-A5A9-6203A087DC9D}"
EndProject
Project("{9A19103F-16F7-4668-BE54-9A1E7A4F7556}") = "Mango.MessageBus", "Mango.MessageBus\Mango.MessageBus.csproj", "{CA874EF2-EBA1-4ECB-8440-826F2B774ACA}"
EndProject
Project("{9A19103F-16F7-4668-BE54-9A1E7A4F7556}") = "Mango.Services.OrderAPI", "Mango.Services.OrderAPI\Mango.Services.OrderAPI.csproj", "{0FA12047-4675-4ABF-A93A-44890979ACFA}"
EndProject
Project("{2150E333-8FDC-42A3-9474-1A3956D46DE8}") = "Payments", "Payments", "{988C14DC-7BAB-4E4D-8A46-9153E5CA99C7}"
EndProject
Project("{9A19103F-16F7-4668-BE54-9A1E7A4F7556}") = "PaymentProcessor", "PaymentProcessor\PaymentProcessor.csproj", "{7E23353B-13D2-477A-880E-EA884424EC41}"
EndProject
Project("{9A19103F-16F7-4668-BE54-9A1E7A4F7556}") = "Mango.Services.PaymentAPI", "Mango.Services.PaymentAPI\Mango.Services.PaymentAPI.csproj", "{F37EE889-21BF-4F5C-8022-76719D71AFF3}"
EndProject
Project("{FAE04EC0-301F-11D3-BF4B-00C04F79EFBC}") = "Mango.Services.Email", "Mango.Services.Email\Mango.Services.Email.csproj", "{3B2B1662-D599-485D-B6FB-95AEBBB1B074}"
EndProject
Global
	GlobalSection(SolutionConfigurationPlatforms) = preSolution
		Debug|Any CPU = Debug|Any CPU
		Release|Any CPU = Release|Any CPU
	EndGlobalSection
	GlobalSection(ProjectConfigurationPlatforms) = postSolution
		{0877A0F6-C614-44A6-9DC5-BD07EBB766BE}.Debug|Any CPU.ActiveCfg = Debug|Any CPU
		{0877A0F6-C614-44A6-9DC5-BD07EBB766BE}.Debug|Any CPU.Build.0 = Debug|Any CPU
		{0877A0F6-C614-44A6-9DC5-BD07EBB766BE}.Release|Any CPU.ActiveCfg = Release|Any CPU
		{0877A0F6-C614-44A6-9DC5-BD07EBB766BE}.Release|Any CPU.Build.0 = Release|Any CPU
		{75D19CFF-E64A-4A14-A5DA-F913B4E5CA0E}.Debug|Any CPU.ActiveCfg = Debug|Any CPU
		{75D19CFF-E64A-4A14-A5DA-F913B4E5CA0E}.Debug|Any CPU.Build.0 = Debug|Any CPU
		{75D19CFF-E64A-4A14-A5DA-F913B4E5CA0E}.Release|Any CPU.ActiveCfg = Release|Any CPU
		{75D19CFF-E64A-4A14-A5DA-F913B4E5CA0E}.Release|Any CPU.Build.0 = Release|Any CPU
		{594AA18D-D83E-4D42-8313-2CFB77672777}.Debug|Any CPU.ActiveCfg = Debug|Any CPU
		{594AA18D-D83E-4D42-8313-2CFB77672777}.Debug|Any CPU.Build.0 = Debug|Any CPU
		{594AA18D-D83E-4D42-8313-2CFB77672777}.Release|Any CPU.ActiveCfg = Release|Any CPU
		{594AA18D-D83E-4D42-8313-2CFB77672777}.Release|Any CPU.Build.0 = Release|Any CPU
		{7C20787D-F032-4472-AB45-1A834A03C6DD}.Debug|Any CPU.ActiveCfg = Debug|Any CPU
		{7C20787D-F032-4472-AB45-1A834A03C6DD}.Debug|Any CPU.Build.0 = Debug|Any CPU
		{7C20787D-F032-4472-AB45-1A834A03C6DD}.Release|Any CPU.ActiveCfg = Release|Any CPU
		{7C20787D-F032-4472-AB45-1A834A03C6DD}.Release|Any CPU.Build.0 = Release|Any CPU
		{578D5DD1-E72F-4080-95D4-CB08B8B0D1A2}.Debug|Any CPU.ActiveCfg = Debug|Any CPU
		{578D5DD1-E72F-4080-95D4-CB08B8B0D1A2}.Debug|Any CPU.Build.0 = Debug|Any CPU
		{578D5DD1-E72F-4080-95D4-CB08B8B0D1A2}.Release|Any CPU.ActiveCfg = Release|Any CPU
		{578D5DD1-E72F-4080-95D4-CB08B8B0D1A2}.Release|Any CPU.Build.0 = Release|Any CPU
		{CA874EF2-EBA1-4ECB-8440-826F2B774ACA}.Debug|Any CPU.ActiveCfg = Debug|Any CPU
		{CA874EF2-EBA1-4ECB-8440-826F2B774ACA}.Debug|Any CPU.Build.0 = Debug|Any CPU
		{CA874EF2-EBA1-4ECB-8440-826F2B774ACA}.Release|Any CPU.ActiveCfg = Release|Any CPU
		{CA874EF2-EBA1-4ECB-8440-826F2B774ACA}.Release|Any CPU.Build.0 = Release|Any CPU
		{0FA12047-4675-4ABF-A93A-44890979ACFA}.Debug|Any CPU.ActiveCfg = Debug|Any CPU
		{0FA12047-4675-4ABF-A93A-44890979ACFA}.Debug|Any CPU.Build.0 = Debug|Any CPU
		{0FA12047-4675-4ABF-A93A-44890979ACFA}.Release|Any CPU.ActiveCfg = Release|Any CPU
		{0FA12047-4675-4ABF-A93A-44890979ACFA}.Release|Any CPU.Build.0 = Release|Any CPU
		{7E23353B-13D2-477A-880E-EA884424EC41}.Debug|Any CPU.ActiveCfg = Debug|Any CPU
		{7E23353B-13D2-477A-880E-EA884424EC41}.Debug|Any CPU.Build.0 = Debug|Any CPU
		{7E23353B-13D2-477A-880E-EA884424EC41}.Release|Any CPU.ActiveCfg = Release|Any CPU
		{7E23353B-13D2-477A-880E-EA884424EC41}.Release|Any CPU.Build.0 = Release|Any CPU
		{F37EE889-21BF-4F5C-8022-76719D71AFF3}.Debug|Any CPU.ActiveCfg = Debug|Any CPU
		{F37EE889-21BF-4F5C-8022-76719D71AFF3}.Debug|Any CPU.Build.0 = Debug|Any CPU
		{F37EE889-21BF-4F5C-8022-76719D71AFF3}.Release|Any CPU.ActiveCfg = Release|Any CPU
		{F37EE889-21BF-4F5C-8022-76719D71AFF3}.Release|Any CPU.Build.0 = Release|Any CPU
		{3B2B1662-D599-485D-B6FB-95AEBBB1B074}.Debug|Any CPU.ActiveCfg = Debug|Any CPU
		{3B2B1662-D599-485D-B6FB-95AEBBB1B074}.Debug|Any CPU.Build.0 = Debug|Any CPU
		{3B2B1662-D599-485D-B6FB-95AEBBB1B074}.Release|Any CPU.ActiveCfg = Release|Any CPU
		{3B2B1662-D599-485D-B6FB-95AEBBB1B074}.Release|Any CPU.Build.0 = Release|Any CPU
	EndGlobalSection
	GlobalSection(SolutionProperties) = preSolution
		HideSolutionNode = FALSE
	EndGlobalSection
	GlobalSection(NestedProjects) = preSolution
		{0877A0F6-C614-44A6-9DC5-BD07EBB766BE} = {1066262B-8E7C-4A09-B281-9317C303820E}
		{75D19CFF-E64A-4A14-A5DA-F913B4E5CA0E} = {89517159-ECA5-42C4-925C-4A34F82ACB84}
		{594AA18D-D83E-4D42-8313-2CFB77672777} = {89517159-ECA5-42C4-925C-4A34F82ACB84}
		{7C20787D-F032-4472-AB45-1A834A03C6DD} = {89517159-ECA5-42C4-925C-4A34F82ACB84}
		{578D5DD1-E72F-4080-95D4-CB08B8B0D1A2} = {89517159-ECA5-42C4-925C-4A34F82ACB84}
		{CA874EF2-EBA1-4ECB-8440-826F2B774ACA} = {3D488BFC-463E-4720-A5A9-6203A087DC9D}
		{0FA12047-4675-4ABF-A93A-44890979ACFA} = {89517159-ECA5-42C4-925C-4A34F82ACB84}
		{7E23353B-13D2-477A-880E-EA884424EC41} = {988C14DC-7BAB-4E4D-8A46-9153E5CA99C7}
		{F37EE889-21BF-4F5C-8022-76719D71AFF3} = {89517159-ECA5-42C4-925C-4A34F82ACB84}
		{3B2B1662-D599-485D-B6FB-95AEBBB1B074} = {89517159-ECA5-42C4-925C-4A34F82ACB84}
	EndGlobalSection
	GlobalSection(ExtensibilityGlobals) = postSolution
		SolutionGuid = {AA3B0853-8F50-4DCD-8F6B-3C9C52D0AD92}
	EndGlobalSection
EndGlobal
